// !$*UTF8*$!
{
	archiveVersion = 1;
	classes = {
	};
	objectVersion = 50;
	objects = {

/* Begin PBXBuildFile section */
		06005C082504FEC1005799FE /* AppDelegate.swift in Sources */ = {isa = PBXBuildFile; fileRef = 06005C072504FEC1005799FE /* AppDelegate.swift */; };
		06005C0A2504FEC1005799FE /* SceneDelegate.swift in Sources */ = {isa = PBXBuildFile; fileRef = 06005C092504FEC1005799FE /* SceneDelegate.swift */; };
		06005C0C2504FEC1005799FE /* ViewController.swift in Sources */ = {isa = PBXBuildFile; fileRef = 06005C0B2504FEC1005799FE /* ViewController.swift */; };
		06005C112504FEC5005799FE /* Assets.xcassets in Resources */ = {isa = PBXBuildFile; fileRef = 06005C102504FEC5005799FE /* Assets.xcassets */; };
		06005C142504FEC5005799FE /* LaunchScreen.storyboard in Resources */ = {isa = PBXBuildFile; fileRef = 06005C122504FEC5005799FE /* LaunchScreen.storyboard */; };
		06005C1C2505266D005799FE /* InAppNotificationView.swift in Sources */ = {isa = PBXBuildFile; fileRef = 06005C1B2505266D005799FE /* InAppNotificationView.swift */; };
		06005C1E2505269A005799FE /* InAppNotification.swift in Sources */ = {isa = PBXBuildFile; fileRef = 06005C1D2505269A005799FE /* InAppNotification.swift */; };
/* End PBXBuildFile section */

/* Begin PBXFileReference section */
		06005C042504FEC1005799FE /* InAppNotification.app */ = {isa = PBXFileReference; explicitFileType = wrapper.application; includeInIndex = 0; path = InAppNotification.app; sourceTree = BUILT_PRODUCTS_DIR; };
		06005C072504FEC1005799FE /* AppDelegate.swift */ = {isa = PBXFileReference; lastKnownFileType = sourcecode.swift; path = AppDelegate.swift; sourceTree = "<group>"; };
		06005C092504FEC1005799FE /* SceneDelegate.swift */ = {isa = PBXFileReference; lastKnownFileType = sourcecode.swift; path = SceneDelegate.swift; sourceTree = "<group>"; };
		06005C0B2504FEC1005799FE /* ViewController.swift */ = {isa = PBXFileReference; lastKnownFileType = sourcecode.swift; path = ViewController.swift; sourceTree = "<group>"; };
		06005C102504FEC5005799FE /* Assets.xcassets */ = {isa = PBXFileReference; lastKnownFileType = folder.assetcatalog; path = Assets.xcassets; sourceTree = "<group>"; };
		06005C132504FEC5005799FE /* Base */ = {isa = PBXFileReference; lastKnownFileType = file.storyboard; name = Base; path = Base.lproj/LaunchScreen.storyboard; sourceTree = "<group>"; };
		06005C152504FEC5005799FE /* Info.plist */ = {isa = PBXFileReference; lastKnownFileType = text.plist.xml; path = Info.plist; sourceTree = "<group>"; };
		06005C1B2505266D005799FE /* InAppNotificationView.swift */ = {isa = PBXFileReference; lastKnownFileType = sourcecode.swift; path = InAppNotificationView.swift; sourceTree = "<group>"; };
		06005C1D2505269A005799FE /* InAppNotification.swift */ = {isa = PBXFileReference; lastKnownFileType = sourcecode.swift; path = InAppNotification.swift; sourceTree = "<group>"; };
/* End PBXFileReference section */

/* Begin PBXFrameworksBuildPhase section */
		06005C012504FEC1005799FE /* Frameworks */ = {
			isa = PBXFrameworksBuildPhase;
			buildActionMask = 2147483647;
			files = (
			);
			runOnlyForDeploymentPostprocessing = 0;
		};
/* End PBXFrameworksBuildPhase section */

/* Begin PBXGroup section */
		06005BFB2504FEC1005799FE = {
			isa = PBXGroup;
			children = (
				06005C062504FEC1005799FE /* InAppNotification */,
				06005C052504FEC1005799FE /* Products */,
			);
			sourceTree = "<group>";
		};
		06005C052504FEC1005799FE /* Products */ = {
			isa = PBXGroup;
			children = (
				06005C042504FEC1005799FE /* InAppNotification.app */,
			);
			name = Products;
			sourceTree = "<group>";
		};
		06005C062504FEC1005799FE /* InAppNotification */ = {
			isa = PBXGroup;
			children = (
				06005C072504FEC1005799FE /* AppDelegate.swift */,
				06005C092504FEC1005799FE /* SceneDelegate.swift */,
				06005C0B2504FEC1005799FE /* ViewController.swift */,
				06005C102504FEC5005799FE /* Assets.xcassets */,
				06005C122504FEC5005799FE /* LaunchScreen.storyboard */,
				06005C152504FEC5005799FE /* Info.plist */,
				06005C1B2505266D005799FE /* InAppNotificationView.swift */,
				06005C1D2505269A005799FE /* InAppNotification.swift */,
			);
			path = InAppNotification;
			sourceTree = "<group>";
		};
/* End PBXGroup section */

/* Begin PBXNativeTarget section */
		06005C032504FEC1005799FE /* InAppNotification */ = {
			isa = PBXNativeTarget;
			buildConfigurationList = 06005C182504FEC5005799FE /* Build configuration list for PBXNativeTarget "InAppNotification" */;
			buildPhases = (
				06005C002504FEC1005799FE /* Sources */,
				06005C012504FEC1005799FE /* Frameworks */,
				06005C022504FEC1005799FE /* Resources */,
			);
			buildRules = (
			);
			dependencies = (
			);
			name = InAppNotification;
			productName = InAppNotification;
			productReference = 06005C042504FEC1005799FE /* InAppNotification.app */;
			productType = "com.apple.product-type.application";
		};
/* End PBXNativeTarget section */

/* Begin PBXProject section */
		06005BFC2504FEC1005799FE /* Project object */ = {
			isa = PBXProject;
			attributes = {
				LastSwiftUpdateCheck = 1160;
				LastUpgradeCheck = 1160;
				ORGANIZATIONNAME = hiromi.sakurai;
				TargetAttributes = {
					06005C032504FEC1005799FE = {
						CreatedOnToolsVersion = 11.6;
					};
				};
			};
			buildConfigurationList = 06005BFF2504FEC1005799FE /* Build configuration list for PBXProject "InAppNotification" */;
			compatibilityVersion = "Xcode 9.3";
			developmentRegion = en;
			hasScannedForEncodings = 0;
			knownRegions = (
				en,
				Base,
			);
			mainGroup = 06005BFB2504FEC1005799FE;
			productRefGroup = 06005C052504FEC1005799FE /* Products */;
			projectDirPath = "";
			projectRoot = "";
			targets = (
				06005C032504FEC1005799FE /* InAppNotification */,
			);
		};
/* End PBXProject section */

/* Begin PBXResourcesBuildPhase section */
		06005C022504FEC1005799FE /* Resources */ = {
			isa = PBXResourcesBuildPhase;
			buildActionMask = 2147483647;
			files = (
				06005C142504FEC5005799FE /* LaunchScreen.storyboard in Resources */,
				06005C112504FEC5005799FE /* Assets.xcassets in Resources */,
			);
			runOnlyForDeploymentPostprocessing = 0;
		};
/* End PBXResourcesBuildPhase section */

/* Begin PBXSourcesBuildPhase section */
		06005C002504FEC1005799FE /* Sources */ = {
			isa = PBXSourcesBuildPhase;
			buildActionMask = 2147483647;
			files = (
				06005C1E2505269A005799FE /* InAppNotification.swift in Sources */,
				06005C1C2505266D005799FE /* InAppNotificationView.swift in Sources */,
				06005C0C2504FEC1005799FE /* ViewController.swift in Sources */,
				06005C082504FEC1005799FE /* AppDelegate.swift in Sources */,
				06005C0A2504FEC1005799FE /* SceneDelegate.swift in Sources */,
			);
			runOnlyForDeploymentPostprocessing = 0;
		};
/* End PBXSourcesBuildPhase section */

/* Begin PBXVariantGroup section */
		06005C122504FEC5005799FE /* LaunchScreen.storyboard */ = {
			isa = PBXVariantGroup;
			children = (
				06005C132504FEC5005799FE /* Base */,
			);
			name = LaunchScreen.storyboard;
			sourceTree = "<group>";
		};
/* End PBXVariantGroup section */

/* Begin XCBuildConfiguration section */
		06005C162504FEC5005799FE /* Debug */ = {
			isa = XCBuildConfiguration;
			buildSettings = {
				ALWAYS_SEARCH_USER_PATHS = NO;
				CLANG_ANALYZER_NONNULL = YES;
				CLANG_ANALYZER_NUMBER_OBJECT_CONVERSION = YES_AGGRESSIVE;
				CLANG_CXX_LANGUAGE_STANDARD = "gnu++14";
				CLANG_CXX_LIBRARY = "libc++";
				CLANG_ENABLE_MODULES = YES;
				CLANG_ENABLE_OBJC_ARC = YES;
				CLANG_ENABLE_OBJC_WEAK = YES;
				CLANG_WARN_BLOCK_CAPTURE_AUTORELEASING = YES;
				CLANG_WARN_BOOL_CONVERSION = YES;
				CLANG_WARN_COMMA = YES;
				CLANG_WARN_CONSTANT_CONVERSION = YES;
				CLANG_WARN_DEPRECATED_OBJC_IMPLEMENTATIONS = YES;
				CLANG_WARN_DIRECT_OBJC_ISA_USAGE = YES_ERROR;
				CLANG_WARN_DOCUMENTATION_COMMENTS = YES;
				CLANG_WARN_EMPTY_BODY = YES;
				CLANG_WARN_ENUM_CONVERSION = YES;
				CLANG_WARN_INFINITE_RECURSION = YES;
				CLANG_WARN_INT_CONVERSION = YES;
				CLANG_WARN_NON_LITERAL_NULL_CONVERSION = YES;
				CLANG_WARN_OBJC_IMPLICIT_RETAIN_SELF = YES;
				CLANG_WARN_OBJC_LITERAL_CONVERSION = YES;
				CLANG_WARN_OBJC_ROOT_CLASS = YES_ERROR;
				CLANG_WARN_RANGE_LOOP_ANALYSIS = YES;
				CLANG_WARN_STRICT_PROTOTYPES = YES;
				CLANG_WARN_SUSPICIOUS_MOVE = YES;
				CLANG_WARN_UNGUARDED_AVAILABILITY = YES_AGGRESSIVE;
				CLANG_WARN_UNREACHABLE_CODE = YES;
				CLANG_WARN__DUPLICATE_METHOD_MATCH = YES;
				COPY_PHASE_STRIP = NO;
				DEBUG_INFORMATION_FORMAT = dwarf;
				ENABLE_STRICT_OBJC_MSGSEND = YES;
				ENABLE_TESTABILITY = YES;
				GCC_C_LANGUAGE_STANDARD = gnu11;
				GCC_DYNAMIC_NO_PIC = NO;
				GCC_NO_COMMON_BLOCKS = YES;
				GCC_OPTIMIZATION_LEVEL = 0;
				GCC_PREPROCESSOR_DEFINITIONS = (
					"DEBUG=1",
					"$(inherited)",
				);
				GCC_WARN_64_TO_32_BIT_CONVERSION = YES;
				GCC_WARN_ABOUT_RETURN_TYPE = YES_ERROR;
				GCC_WARN_UNDECLARED_SELECTOR = YES;
				GCC_WARN_UNINITIALIZED_AUTOS = YES_AGGRESSIVE;
				GCC_WARN_UNUSED_FUNCTION = YES;
				GCC_WARN_UNUSED_VARIABLE = YES;
				IPHONEOS_DEPLOYMENT_TARGET = 13.6;
				MTL_ENABLE_DEBUG_INFO = INCLUDE_SOURCE;
				MTL_FAST_MATH = YES;
				ONLY_ACTIVE_ARCH = YES;
				SDKROOT = iphoneos;
				SWIFT_ACTIVE_COMPILATION_CONDITIONS = DEBUG;
				SWIFT_OPTIMIZATION_LEVEL = "-Onone";
			};
			name = Debug;
		};
		06005C172504FEC5005799FE /* Release */ = {
			isa = XCBuildConfiguration;
			buildSettings = {
				ALWAYS_SEARCH_USER_PATHS = NO;
				CLANG_ANALYZER_NONNULL = YES;
				CLANG_ANALYZER_NUMBER_OBJECT_CONVERSION = YES_AGGRESSIVE;
				CLANG_CXX_LANGUAGE_STANDARD = "gnu++14";
				CLANG_CXX_LIBRARY = "libc++";
				CLANG_ENABLE_MODULES = YES;
				CLANG_ENABLE_OBJC_ARC = YES;
				CLANG_ENABLE_OBJC_WEAK = YES;
				CLANG_WARN_BLOCK_CAPTURE_AUTORELEASING = YES;
				CLANG_WARN_BOOL_CONVERSION = YES;
				CLANG_WARN_COMMA = YES;
				CLANG_WARN_CONSTANT_CONVERSION = YES;
				CLANG_WARN_DEPRECATED_OBJC_IMPLEMENTATIONS = YES;
				CLANG_WARN_DIRECT_OBJC_ISA_USAGE = YES_ERROR;
				CLANG_WARN_DOCUMENTATION_COMMENTS = YES;
				CLANG_WARN_EMPTY_BODY = YES;
				CLANG_WARN_ENUM_CONVERSION = YES;
				CLANG_WARN_INFINITE_RECURSION = YES;
				CLANG_WARN_INT_CONVERSION = YES;
				CLANG_WARN_NON_LITERAL_NULL_CONVERSION = YES;
				CLANG_WARN_OBJC_IMPLICIT_RETAIN_SELF = YES;
				CLANG_WARN_OBJC_LITERAL_CONVERSION = YES;
				CLANG_WARN_OBJC_ROOT_CLASS = YES_ERROR;
				CLANG_WARN_RANGE_LOOP_ANALYSIS = YES;
				CLANG_WARN_STRICT_PROTOTYPES = YES;
				CLANG_WARN_SUSPICIOUS_MOVE = YES;
				CLANG_WARN_UNGUARDED_AVAILABILITY = YES_AGGRESSIVE;
				CLANG_WARN_UNREACHABLE_CODE = YES;
				CLANG_WARN__DUPLICATE_METHOD_MATCH = YES;
				COPY_PHASE_STRIP = NO;
				DEBUG_INFORMATION_FORMAT = "dwarf-with-dsym";
				ENABLE_NS_ASSERTIONS = NO;
				ENABLE_STRICT_OBJC_MSGSEND = YES;
				GCC_C_LANGUAGE_STANDARD = gnu11;
				GCC_NO_COMMON_BLOCKS = YES;
				GCC_WARN_64_TO_32_BIT_CONVERSION = YES;
				GCC_WARN_ABOUT_RETURN_TYPE = YES_ERROR;
				GCC_WARN_UNDECLARED_SELECTOR = YES;
				GCC_WARN_UNINITIALIZED_AUTOS = YES_AGGRESSIVE;
				GCC_WARN_UNUSED_FUNCTION = YES;
				GCC_WARN_UNUSED_VARIABLE = YES;
				IPHONEOS_DEPLOYMENT_TARGET = 13.6;
				MTL_ENABLE_DEBUG_INFO = NO;
				MTL_FAST_MATH = YES;
				SDKROOT = iphoneos;
				SWIFT_COMPILATION_MODE = wholemodule;
				SWIFT_OPTIMIZATION_LEVEL = "-O";
				VALIDATE_PRODUCT = YES;
			};
			name = Release;
		};
		06005C192504FEC5005799FE /* Debug */ = {
			isa = XCBuildConfiguration;
			buildSettings = {
				ASSETCATALOG_COMPILER_APPICON_NAME = AppIcon;
				CODE_SIGN_STYLE = Automatic;
				INFOPLIST_FILE = InAppNotification/Info.plist;
				LD_RUNPATH_SEARCH_PATHS = (
					"$(inherited)",
					"@executable_path/Frameworks",
				);
				PRODUCT_BUNDLE_IDENTIFIER = com.sakurai.InAppNotification;
				PRODUCT_NAME = "$(TARGET_NAME)";
				SWIFT_VERSION = 5.0;
				TARGETED_DEVICE_FAMILY = 1;
			};
			name = Debug;
		};
		06005C1A2504FEC5005799FE /* Release */ = {
			isa = XCBuildConfiguration;
			buildSettings = {
				ASSETCATALOG_COMPILER_APPICON_NAME = AppIcon;
				CODE_SIGN_STYLE = Automatic;
				INFOPLIST_FILE = InAppNotification/Info.plist;
				LD_RUNPATH_SEARCH_PATHS = (
					"$(inherited)",
					"@executable_path/Frameworks",
				);
				PRODUCT_BUNDLE_IDENTIFIER = com.sakurai.InAppNotification;
				PRODUCT_NAME = "$(TARGET_NAME)";
				SWIFT_VERSION = 5.0;
				TARGETED_DEVICE_FAMILY = 1;
			};
			name = Release;
		};
/* End XCBuildConfiguration section */

/* Begin XCConfigurationList section */
		06005BFF2504FEC1005799FE /* Build configuration list for PBXProject "InAppNotification" */ = {
			isa = XCConfigurationList;
			buildConfigurations = (
				06005C162504FEC5005799FE /* Debug */,
				06005C172504FEC5005799FE /* Release */,
			);
			defaultConfigurationIsVisible = 0;
			defaultConfigurationName = Release;
		};
		06005C182504FEC5005799FE /* Build configuration list for PBXNativeTarget "InAppNotification" */ = {
			isa = XCConfigurationList;
			buildConfigurations = (
				06005C192504FEC5005799FE /* Debug */,
				06005C1A2504FEC5005799FE /* Release */,
			);
			defaultConfigurationIsVisible = 0;
			defaultConfigurationName = Release;
		};
/* End XCConfigurationList section */
	};
	rootObject = 06005BFC2504FEC1005799FE /* Project object */;
}
